
Microsoft Visual Studio Solution File, Format Version 12.00
# Visual Studio Version 17
VisualStudioVersion = 17.6.33829.357
MinimumVisualStudioVersion = 10.0.40219.1
Project("{9A19103F-16F7-4668-BE54-9A1E7A4F7556}") = "DataAcess.Layer", "DataAcess.Layer\DataAcess.Layer.csproj", "{3D0E6D4F-4071-40BD-9B31-6554E6D273C7}"
EndProject
Project("{9A19103F-16F7-4668-BE54-9A1E7A4F7556}") = "EmployeesDb", "EmployeesDb\EmployeesDb.csproj", "{242F67A1-94CC-445B-90DF-0E4F0608BC8A}"
EndProject
Project("{FAE04EC0-301F-11D3-BF4B-00C04F79EFBC}") = "EmployeeAPI", "EmployeeAPI\EmployeeAPI.csproj", "{416372E2-1F60-4A97-BADE-14D7ADC20564}"
EndProject
Project("{FAE04EC0-301F-11D3-BF4B-00C04F79EFBC}") = "BusinessServices.Layer", "BusinessServices.Layer\BusinessServices.Layer.csproj", "{F222BC69-B8BA-41A3-B9D7-BE1F05DD709D}"
EndProject
Global
	GlobalSection(SolutionConfigurationPlatforms) = preSolution
		Debug|Any CPU = Debug|Any CPU
		Release|Any CPU = Release|Any CPU
	EndGlobalSection
	GlobalSection(ProjectConfigurationPlatforms) = postSolution
		{3D0E6D4F-4071-40BD-9B31-6554E6D273C7}.Debug|Any CPU.ActiveCfg = Debug|Any CPU
		{3D0E6D4F-4071-40BD-9B31-6554E6D273C7}.Debug|Any CPU.Build.0 = Debug|Any CPU
		{3D0E6D4F-4071-40BD-9B31-6554E6D273C7}.Release|Any CPU.ActiveCfg = Release|Any CPU
		{3D0E6D4F-4071-40BD-9B31-6554E6D273C7}.Release|Any CPU.Build.0 = Release|Any CPU
		{242F67A1-94CC-445B-90DF-0E4F0608BC8A}.Debug|Any CPU.ActiveCfg = Debug|Any CPU
		{242F67A1-94CC-445B-90DF-0E4F0608BC8A}.Debug|Any CPU.Build.0 = Debug|Any CPU
		{242F67A1-94CC-445B-90DF-0E4F0608BC8A}.Release|Any CPU.ActiveCfg = Release|Any CPU
		{242F67A1-94CC-445B-90DF-0E4F0608BC8A}.Release|Any CPU.Build.0 = Release|Any CPU
		{416372E2-1F60-4A97-BADE-14D7ADC20564}.Debug|Any CPU.ActiveCfg = Debug|Any CPU
		{416372E2-1F60-4A97-BADE-14D7ADC20564}.Debug|Any CPU.Build.0 = Debug|Any CPU
		{416372E2-1F60-4A97-BADE-14D7ADC20564}.Release|Any CPU.ActiveCfg = Release|Any CPU
		{416372E2-1F60-4A97-BADE-14D7ADC20564}.Release|Any CPU.Build.0 = Release|Any CPU
		{F222BC69-B8BA-41A3-B9D7-BE1F05DD709D}.Debug|Any CPU.ActiveCfg = Debug|Any CPU
		{F222BC69-B8BA-41A3-B9D7-BE1F05DD709D}.Debug|Any CPU.Build.0 = Debug|Any CPU
		{F222BC69-B8BA-41A3-B9D7-BE1F05DD709D}.Release|Any CPU.ActiveCfg = Release|Any CPU
		{F222BC69-B8BA-41A3-B9D7-BE1F05DD709D}.Release|Any CPU.Build.0 = Release|Any CPU
	EndGlobalSection
	GlobalSection(SolutionProperties) = preSolution
		HideSolutionNode = FALSE
	EndGlobalSection
	GlobalSection(ExtensibilityGlobals) = postSolution
		SolutionGuid = {DFD7C4DD-BB1A-4DAC-BFB6-CCD1E61BF69E}
	EndGlobalSection
EndGlobal
